// !$*UTF8*$!
{
	archiveVersion = 1;
	classes = {
	};
	objectVersion = 50;
	objects = {

/* Begin PBXBuildFile section */
		D07FC09C248BE56900D97BDD /* FormularioContacto.swift in Sources */ = {isa = PBXBuildFile; fileRef = D07FC09B248BE56900D97BDD /* FormularioContacto.swift */; };
		D07FC09E248BFF9400D97BDD /* ImagePickerContact.swift in Sources */ = {isa = PBXBuildFile; fileRef = D07FC09D248BFF9400D97BDD /* ImagePickerContact.swift */; };
		D07FC0A4248C182B00D97BDD /* db.xcdatamodeld in Sources */ = {isa = PBXBuildFile; fileRef = D07FC0A2248C182B00D97BDD /* db.xcdatamodeld */; };
		D08C032D248471AC00E5736E /* FormData.swift in Sources */ = {isa = PBXBuildFile; fileRef = D08C032C248471AC00E5736E /* FormData.swift */; };
		D0B17B6A248406A300DEE8C2 /* FormularioTarea.swift in Sources */ = {isa = PBXBuildFile; fileRef = D0B17B69248406A300DEE8C2 /* FormularioTarea.swift */; };
		D0C831AC2489FC240002800C /* Contacto.swift in Sources */ = {isa = PBXBuildFile; fileRef = D0C831AB2489FC240002800C /* Contacto.swift */; };
		D0C831AE2489FCDD0002800C /* AgendaView.swift in Sources */ = {isa = PBXBuildFile; fileRef = D0C831AD2489FCDD0002800C /* AgendaView.swift */; };
		D0C831B0248AE6CE0002800C /* AgendaContacto.swift in Sources */ = {isa = PBXBuildFile; fileRef = D0C831AF248AE6CE0002800C /* AgendaContacto.swift */; };
		D0C831B2248B119D0002800C /* DetalleContacto.swift in Sources */ = {isa = PBXBuildFile; fileRef = D0C831B1248B119D0002800C /* DetalleContacto.swift */; };
		D0C831B5248B1CC30002800C /* MapsView.swift in Sources */ = {isa = PBXBuildFile; fileRef = D0C831B4248B1CC30002800C /* MapsView.swift */; };
		D0C831B7248B1CEA0002800C /* MyLocationView.swift in Sources */ = {isa = PBXBuildFile; fileRef = D0C831B6248B1CEA0002800C /* MyLocationView.swift */; };
		D0C831B9248B1E070002800C /* NewMapView.swift in Sources */ = {isa = PBXBuildFile; fileRef = D0C831B8248B1E070002800C /* NewMapView.swift */; };
		D0C831BB248B25FE0002800C /* ImagePickerView.swift in Sources */ = {isa = PBXBuildFile; fileRef = D0C831BA248B25FE0002800C /* ImagePickerView.swift */; };
		D0C831BD248B27860002800C /* SelectImage.swift in Sources */ = {isa = PBXBuildFile; fileRef = D0C831BC248B27860002800C /* SelectImage.swift */; };
		D0F02B47247AF3AD00952C2E /* AppDelegate.swift in Sources */ = {isa = PBXBuildFile; fileRef = D0F02B46247AF3AD00952C2E /* AppDelegate.swift */; };
		D0F02B49247AF3AD00952C2E /* SceneDelegate.swift in Sources */ = {isa = PBXBuildFile; fileRef = D0F02B48247AF3AD00952C2E /* SceneDelegate.swift */; };
		D0F02B4B247AF3AD00952C2E /* ContentView.swift in Sources */ = {isa = PBXBuildFile; fileRef = D0F02B4A247AF3AD00952C2E /* ContentView.swift */; };
		D0F02B4D247AF3B000952C2E /* Assets.xcassets in Resources */ = {isa = PBXBuildFile; fileRef = D0F02B4C247AF3B000952C2E /* Assets.xcassets */; };
		D0F02B50247AF3B000952C2E /* Preview Assets.xcassets in Resources */ = {isa = PBXBuildFile; fileRef = D0F02B4F247AF3B000952C2E /* Preview Assets.xcassets */; };
		D0F02B53247AF3B000952C2E /* LaunchScreen.storyboard in Resources */ = {isa = PBXBuildFile; fileRef = D0F02B51247AF3B000952C2E /* LaunchScreen.storyboard */; };
		D0F02B5B247B984400952C2E /* SegundoDisenio.swift in Sources */ = {isa = PBXBuildFile; fileRef = D0F02B5A247B984400952C2E /* SegundoDisenio.swift */; };
/* End PBXBuildFile section */

/* Begin PBXFileReference section */
		D07FC09B248BE56900D97BDD /* FormularioContacto.swift */ = {isa = PBXFileReference; lastKnownFileType = sourcecode.swift; path = FormularioContacto.swift; sourceTree = "<group>"; };
		D07FC09D248BFF9400D97BDD /* ImagePickerContact.swift */ = {isa = PBXFileReference; lastKnownFileType = sourcecode.swift; path = ImagePickerContact.swift; sourceTree = "<group>"; };
		D07FC0A3248C182B00D97BDD /* db.xcdatamodel */ = {isa = PBXFileReference; lastKnownFileType = wrapper.xcdatamodel; path = db.xcdatamodel; sourceTree = "<group>"; };
		D08C032C248471AC00E5736E /* FormData.swift */ = {isa = PBXFileReference; lastKnownFileType = sourcecode.swift; path = FormData.swift; sourceTree = "<group>"; };
		D0B17B69248406A300DEE8C2 /* FormularioTarea.swift */ = {isa = PBXFileReference; lastKnownFileType = sourcecode.swift; path = FormularioTarea.swift; sourceTree = "<group>"; };
		D0C831AB2489FC240002800C /* Contacto.swift */ = {isa = PBXFileReference; lastKnownFileType = sourcecode.swift; path = Contacto.swift; sourceTree = "<group>"; };
		D0C831AD2489FCDD0002800C /* AgendaView.swift */ = {isa = PBXFileReference; lastKnownFileType = sourcecode.swift; path = AgendaView.swift; sourceTree = "<group>"; };
		D0C831AF248AE6CE0002800C /* AgendaContacto.swift */ = {isa = PBXFileReference; lastKnownFileType = sourcecode.swift; path = AgendaContacto.swift; sourceTree = "<group>"; };
		D0C831B1248B119D0002800C /* DetalleContacto.swift */ = {isa = PBXFileReference; lastKnownFileType = sourcecode.swift; path = DetalleContacto.swift; sourceTree = "<group>"; };
		D0C831B4248B1CC30002800C /* MapsView.swift */ = {isa = PBXFileReference; lastKnownFileType = sourcecode.swift; path = MapsView.swift; sourceTree = "<group>"; };
		D0C831B6248B1CEA0002800C /* MyLocationView.swift */ = {isa = PBXFileReference; lastKnownFileType = sourcecode.swift; path = MyLocationView.swift; sourceTree = "<group>"; };
		D0C831B8248B1E070002800C /* NewMapView.swift */ = {isa = PBXFileReference; lastKnownFileType = sourcecode.swift; path = NewMapView.swift; sourceTree = "<group>"; };
		D0C831BA248B25FE0002800C /* ImagePickerView.swift */ = {isa = PBXFileReference; lastKnownFileType = sourcecode.swift; path = ImagePickerView.swift; sourceTree = "<group>"; };
		D0C831BC248B27860002800C /* SelectImage.swift */ = {isa = PBXFileReference; lastKnownFileType = sourcecode.swift; path = SelectImage.swift; sourceTree = "<group>"; };
		D0F02B43247AF3AD00952C2E /* DemoSwiftUI.app */ = {isa = PBXFileReference; explicitFileType = wrapper.application; includeInIndex = 0; path = DemoSwiftUI.app; sourceTree = BUILT_PRODUCTS_DIR; };
		D0F02B46247AF3AD00952C2E /* AppDelegate.swift */ = {isa = PBXFileReference; lastKnownFileType = sourcecode.swift; path = AppDelegate.swift; sourceTree = "<group>"; };
		D0F02B48247AF3AD00952C2E /* SceneDelegate.swift */ = {isa = PBXFileReference; lastKnownFileType = sourcecode.swift; path = SceneDelegate.swift; sourceTree = "<group>"; };
		D0F02B4A247AF3AD00952C2E /* ContentView.swift */ = {isa = PBXFileReference; lastKnownFileType = sourcecode.swift; path = ContentView.swift; sourceTree = "<group>"; };
		D0F02B4C247AF3B000952C2E /* Assets.xcassets */ = {isa = PBXFileReference; lastKnownFileType = folder.assetcatalog; path = Assets.xcassets; sourceTree = "<group>"; };
		D0F02B4F247AF3B000952C2E /* Preview Assets.xcassets */ = {isa = PBXFileReference; lastKnownFileType = folder.assetcatalog; path = "Preview Assets.xcassets"; sourceTree = "<group>"; };
		D0F02B52247AF3B000952C2E /* Base */ = {isa = PBXFileReference; lastKnownFileType = file.storyboard; name = Base; path = Base.lproj/LaunchScreen.storyboard; sourceTree = "<group>"; };
		D0F02B54247AF3B000952C2E /* Info.plist */ = {isa = PBXFileReference; lastKnownFileType = text.plist.xml; path = Info.plist; sourceTree = "<group>"; };
		D0F02B5A247B984400952C2E /* SegundoDisenio.swift */ = {isa = PBXFileReference; lastKnownFileType = sourcecode.swift; path = SegundoDisenio.swift; sourceTree = "<group>"; };
/* End PBXFileReference section */

/* Begin PBXFrameworksBuildPhase section */
		D0F02B40247AF3AD00952C2E /* Frameworks */ = {
			isa = PBXFrameworksBuildPhase;
			buildActionMask = 2147483647;
			files = (
			);
			runOnlyForDeploymentPostprocessing = 0;
		};
/* End PBXFrameworksBuildPhase section */

/* Begin PBXGroup section */
		D07FC09A248BE51900D97BDD /* Tarea4 */ = {
			isa = PBXGroup;
			children = (
				D0C831AD2489FCDD0002800C /* AgendaView.swift */,
				D0C831B1248B119D0002800C /* DetalleContacto.swift */,
				D07FC09B248BE56900D97BDD /* FormularioContacto.swift */,
				D07FC09D248BFF9400D97BDD /* ImagePickerContact.swift */,
			);
			path = Tarea4;
			sourceTree = "<group>";
		};
		D08C032B24846CD700E5736E /* model */ = {
			isa = PBXGroup;
			children = (
				D08C032C248471AC00E5736E /* FormData.swift */,
				D0C831AB2489FC240002800C /* Contacto.swift */,
				D0C831AF248AE6CE0002800C /* AgendaContacto.swift */,
			);
			path = model;
			sourceTree = "<group>";
		};
		D0C831B3248B1CA90002800C /* class4 */ = {
			isa = PBXGroup;
			children = (
				D0C831B6248B1CEA0002800C /* MyLocationView.swift */,
				D0C831B4248B1CC30002800C /* MapsView.swift */,
				D0C831B8248B1E070002800C /* NewMapView.swift */,
				D0C831BA248B25FE0002800C /* ImagePickerView.swift */,
				D0C831BC248B27860002800C /* SelectImage.swift */,
			);
			path = class4;
			sourceTree = "<group>";
		};
		D0F02B3A247AF3AD00952C2E = {
			isa = PBXGroup;
			children = (
				D0F02B45247AF3AD00952C2E /* DemoSwiftUI */,
				D0F02B44247AF3AD00952C2E /* Products */,
			);
			sourceTree = "<group>";
		};
		D0F02B44247AF3AD00952C2E /* Products */ = {
			isa = PBXGroup;
			children = (
				D0F02B43247AF3AD00952C2E /* DemoSwiftUI.app */,
			);
			name = Products;
			sourceTree = "<group>";
		};
		D0F02B45247AF3AD00952C2E /* DemoSwiftUI */ = {
			isa = PBXGroup;
			children = (
				D07FC09A248BE51900D97BDD /* Tarea4 */,
				D0C831B3248B1CA90002800C /* class4 */,
				D08C032B24846CD700E5736E /* model */,
				D0F02B46247AF3AD00952C2E /* AppDelegate.swift */,
				D0F02B48247AF3AD00952C2E /* SceneDelegate.swift */,
				D0F02B4A247AF3AD00952C2E /* ContentView.swift */,
				D0F02B4C247AF3B000952C2E /* Assets.xcassets */,
				D0F02B51247AF3B000952C2E /* LaunchScreen.storyboard */,
				D0F02B54247AF3B000952C2E /* Info.plist */,
				D0F02B4E247AF3B000952C2E /* Preview Content */,
				D0F02B5A247B984400952C2E /* SegundoDisenio.swift */,
				D0B17B69248406A300DEE8C2 /* FormularioTarea.swift */,
				D07FC0A2248C182B00D97BDD /* db.xcdatamodeld */,
			);
			path = DemoSwiftUI;
			sourceTree = "<group>";
		};
		D0F02B4E247AF3B000952C2E /* Preview Content */ = {
			isa = PBXGroup;
			children = (
				D0F02B4F247AF3B000952C2E /* Preview Assets.xcassets */,
			);
			path = "Preview Content";
			sourceTree = "<group>";
		};
/* End PBXGroup section */

/* Begin PBXNativeTarget section */
		D0F02B42247AF3AD00952C2E /* DemoSwiftUI */ = {
			isa = PBXNativeTarget;
			buildConfigurationList = D0F02B57247AF3B000952C2E /* Build configuration list for PBXNativeTarget "DemoSwiftUI" */;
			buildPhases = (
				D0F02B3F247AF3AD00952C2E /* Sources */,
				D0F02B40247AF3AD00952C2E /* Frameworks */,
				D0F02B41247AF3AD00952C2E /* Resources */,
			);
			buildRules = (
			);
			dependencies = (
			);
			name = DemoSwiftUI;
			productName = DemoSwiftUI;
			productReference = D0F02B43247AF3AD00952C2E /* DemoSwiftUI.app */;
			productType = "com.apple.product-type.application";
		};
/* End PBXNativeTarget section */

/* Begin PBXProject section */
		D0F02B3B247AF3AD00952C2E /* Project object */ = {
			isa = PBXProject;
			attributes = {
				LastSwiftUpdateCheck = 1130;
				LastUpgradeCheck = 1130;
				ORGANIZATIONNAME = Rakso;
				TargetAttributes = {
					D0F02B42247AF3AD00952C2E = {
						CreatedOnToolsVersion = 11.3.1;
					};
				};
			};
			buildConfigurationList = D0F02B3E247AF3AD00952C2E /* Build configuration list for PBXProject "DemoSwiftUI" */;
			compatibilityVersion = "Xcode 9.3";
			developmentRegion = en;
			hasScannedForEncodings = 0;
			knownRegions = (
				en,
				Base,
			);
			mainGroup = D0F02B3A247AF3AD00952C2E;
			productRefGroup = D0F02B44247AF3AD00952C2E /* Products */;
			projectDirPath = "";
			projectRoot = "";
			targets = (
				D0F02B42247AF3AD00952C2E /* DemoSwiftUI */,
			);
		};
/* End PBXProject section */

/* Begin PBXResourcesBuildPhase section */
		D0F02B41247AF3AD00952C2E /* Resources */ = {
			isa = PBXResourcesBuildPhase;
			buildActionMask = 2147483647;
			files = (
				D0F02B53247AF3B000952C2E /* LaunchScreen.storyboard in Resources */,
				D0F02B50247AF3B000952C2E /* Preview Assets.xcassets in Resources */,
				D0F02B4D247AF3B000952C2E /* Assets.xcassets in Resources */,
			);
			runOnlyForDeploymentPostprocessing = 0;
		};
/* End PBXResourcesBuildPhase section */

/* Begin PBXSourcesBuildPhase section */
		D0F02B3F247AF3AD00952C2E /* Sources */ = {
			isa = PBXSourcesBuildPhase;
			buildActionMask = 2147483647;
			files = (
				D0F02B47247AF3AD00952C2E /* AppDelegate.swift in Sources */,
				D0F02B5B247B984400952C2E /* SegundoDisenio.swift in Sources */,
				D0C831B9248B1E070002800C /* NewMapView.swift in Sources */,
				D0C831B2248B119D0002800C /* DetalleContacto.swift in Sources */,
				D07FC09E248BFF9400D97BDD /* ImagePickerContact.swift in Sources */,
				D0C831BB248B25FE0002800C /* ImagePickerView.swift in Sources */,
				D0C831B5248B1CC30002800C /* MapsView.swift in Sources */,
				D0F02B49247AF3AD00952C2E /* SceneDelegate.swift in Sources */,
				D0C831B7248B1CEA0002800C /* MyLocationView.swift in Sources */,
				D0C831B0248AE6CE0002800C /* AgendaContacto.swift in Sources */,
				D0F02B4B247AF3AD00952C2E /* ContentView.swift in Sources */,
				D0C831BD248B27860002800C /* SelectImage.swift in Sources */,
				D0B17B6A248406A300DEE8C2 /* FormularioTarea.swift in Sources */,
				D0C831AC2489FC240002800C /* Contacto.swift in Sources */,
				D0C831AE2489FCDD0002800C /* AgendaView.swift in Sources */,
				D07FC09C248BE56900D97BDD /* FormularioContacto.swift in Sources */,
				D08C032D248471AC00E5736E /* FormData.swift in Sources */,
				D07FC0A4248C182B00D97BDD /* db.xcdatamodeld in Sources */,
			);
			runOnlyForDeploymentPostprocessing = 0;
		};
/* End PBXSourcesBuildPhase section */

/* Begin PBXVariantGroup section */
		D0F02B51247AF3B000952C2E /* LaunchScreen.storyboard */ = {
			isa = PBXVariantGroup;
			children = (
				D0F02B52247AF3B000952C2E /* Base */,
			);
			name = LaunchScreen.storyboard;
			sourceTree = "<group>";
		};
/* End PBXVariantGroup section */

/* Begin XCBuildConfiguration section */
		D0F02B55247AF3B000952C2E /* Debug */ = {
			isa = XCBuildConfiguration;
			buildSettings = {
				ALWAYS_SEARCH_USER_PATHS = NO;
				CLANG_ANALYZER_NONNULL = YES;
				CLANG_ANALYZER_NUMBER_OBJECT_CONVERSION = YES_AGGRESSIVE;
				CLANG_CXX_LANGUAGE_STANDARD = "gnu++14";
				CLANG_CXX_LIBRARY = "libc++";
				CLANG_ENABLE_MODULES = YES;
				CLANG_ENABLE_OBJC_ARC = YES;
				CLANG_ENABLE_OBJC_WEAK = YES;
				CLANG_WARN_BLOCK_CAPTURE_AUTORELEASING = YES;
				CLANG_WARN_BOOL_CONVERSION = YES;
				CLANG_WARN_COMMA = YES;
				CLANG_WARN_CONSTANT_CONVERSION = YES;
				CLANG_WARN_DEPRECATED_OBJC_IMPLEMENTATIONS = YES;
				CLANG_WARN_DIRECT_OBJC_ISA_USAGE = YES_ERROR;
				CLANG_WARN_DOCUMENTATION_COMMENTS = YES;
				CLANG_WARN_EMPTY_BODY = YES;
				CLANG_WARN_ENUM_CONVERSION = YES;
				CLANG_WARN_INFINITE_RECURSION = YES;
				CLANG_WARN_INT_CONVERSION = YES;
				CLANG_WARN_NON_LITERAL_NULL_CONVERSION = YES;
				CLANG_WARN_OBJC_IMPLICIT_RETAIN_SELF = YES;
				CLANG_WARN_OBJC_LITERAL_CONVERSION = YES;
				CLANG_WARN_OBJC_ROOT_CLASS = YES_ERROR;
				CLANG_WARN_RANGE_LOOP_ANALYSIS = YES;
				CLANG_WARN_STRICT_PROTOTYPES = YES;
				CLANG_WARN_SUSPICIOUS_MOVE = YES;
				CLANG_WARN_UNGUARDED_AVAILABILITY = YES_AGGRESSIVE;
				CLANG_WARN_UNREACHABLE_CODE = YES;
				CLANG_WARN__DUPLICATE_METHOD_MATCH = YES;
				COPY_PHASE_STRIP = NO;
				DEBUG_INFORMATION_FORMAT = dwarf;
				ENABLE_STRICT_OBJC_MSGSEND = YES;
				ENABLE_TESTABILITY = YES;
				GCC_C_LANGUAGE_STANDARD = gnu11;
				GCC_DYNAMIC_NO_PIC = NO;
				GCC_NO_COMMON_BLOCKS = YES;
				GCC_OPTIMIZATION_LEVEL = 0;
				GCC_PREPROCESSOR_DEFINITIONS = (
					"DEBUG=1",
					"$(inherited)",
				);
				GCC_WARN_64_TO_32_BIT_CONVERSION = YES;
				GCC_WARN_ABOUT_RETURN_TYPE = YES_ERROR;
				GCC_WARN_UNDECLARED_SELECTOR = YES;
				GCC_WARN_UNINITIALIZED_AUTOS = YES_AGGRESSIVE;
				GCC_WARN_UNUSED_FUNCTION = YES;
				GCC_WARN_UNUSED_VARIABLE = YES;
				IPHONEOS_DEPLOYMENT_TARGET = 13.2;
				MTL_ENABLE_DEBUG_INFO = INCLUDE_SOURCE;
				MTL_FAST_MATH = YES;
				ONLY_ACTIVE_ARCH = YES;
				SDKROOT = iphoneos;
				SWIFT_ACTIVE_COMPILATION_CONDITIONS = DEBUG;
				SWIFT_OPTIMIZATION_LEVEL = "-Onone";
			};
			name = Debug;
		};
		D0F02B56247AF3B000952C2E /* Release */ = {
			isa = XCBuildConfiguration;
			buildSettings = {
				ALWAYS_SEARCH_USER_PATHS = NO;
				CLANG_ANALYZER_NONNULL = YES;
				CLANG_ANALYZER_NUMBER_OBJECT_CONVERSION = YES_AGGRESSIVE;
				CLANG_CXX_LANGUAGE_STANDARD = "gnu++14";
				CLANG_CXX_LIBRARY = "libc++";
				CLANG_ENABLE_MODULES = YES;
				CLANG_ENABLE_OBJC_ARC = YES;
				CLANG_ENABLE_OBJC_WEAK = YES;
				CLANG_WARN_BLOCK_CAPTURE_AUTORELEASING = YES;
				CLANG_WARN_BOOL_CONVERSION = YES;
				CLANG_WARN_COMMA = YES;
				CLANG_WARN_CONSTANT_CONVERSION = YES;
				CLANG_WARN_DEPRECATED_OBJC_IMPLEMENTATIONS = YES;
				CLANG_WARN_DIRECT_OBJC_ISA_USAGE = YES_ERROR;
				CLANG_WARN_DOCUMENTATION_COMMENTS = YES;
				CLANG_WARN_EMPTY_BODY = YES;
				CLANG_WARN_ENUM_CONVERSION = YES;
				CLANG_WARN_INFINITE_RECURSION = YES;
				CLANG_WARN_INT_CONVERSION = YES;
				CLANG_WARN_NON_LITERAL_NULL_CONVERSION = YES;
				CLANG_WARN_OBJC_IMPLICIT_RETAIN_SELF = YES;
				CLANG_WARN_OBJC_LITERAL_CONVERSION = YES;
				CLANG_WARN_OBJC_ROOT_CLASS = YES_ERROR;
				CLANG_WARN_RANGE_LOOP_ANALYSIS = YES;
				CLANG_WARN_STRICT_PROTOTYPES = YES;
				CLANG_WARN_SUSPICIOUS_MOVE = YES;
				CLANG_WARN_UNGUARDED_AVAILABILITY = YES_AGGRESSIVE;
				CLANG_WARN_UNREACHABLE_CODE = YES;
				CLANG_WARN__DUPLICATE_METHOD_MATCH = YES;
				COPY_PHASE_STRIP = NO;
				DEBUG_INFORMATION_FORMAT = "dwarf-with-dsym";
				ENABLE_NS_ASSERTIONS = NO;
				ENABLE_STRICT_OBJC_MSGSEND = YES;
				GCC_C_LANGUAGE_STANDARD = gnu11;
				GCC_NO_COMMON_BLOCKS = YES;
				GCC_WARN_64_TO_32_BIT_CONVERSION = YES;
				GCC_WARN_ABOUT_RETURN_TYPE = YES_ERROR;
				GCC_WARN_UNDECLARED_SELECTOR = YES;
				GCC_WARN_UNINITIALIZED_AUTOS = YES_AGGRESSIVE;
				GCC_WARN_UNUSED_FUNCTION = YES;
				GCC_WARN_UNUSED_VARIABLE = YES;
				IPHONEOS_DEPLOYMENT_TARGET = 13.2;
				MTL_ENABLE_DEBUG_INFO = NO;
				MTL_FAST_MATH = YES;
				SDKROOT = iphoneos;
				SWIFT_COMPILATION_MODE = wholemodule;
				SWIFT_OPTIMIZATION_LEVEL = "-O";
				VALIDATE_PRODUCT = YES;
			};
			name = Release;
		};
		D0F02B58247AF3B000952C2E /* Debug */ = {
			isa = XCBuildConfiguration;
			buildSettings = {
				ASSETCATALOG_COMPILER_APPICON_NAME = AppIcon;
				CODE_SIGN_STYLE = Automatic;
				DEVELOPMENT_ASSET_PATHS = "\"DemoSwiftUI/Preview Content\"";
				DEVELOPMENT_TEAM = 9X6SR6P6J3;
				ENABLE_PREVIEWS = YES;
				INFOPLIST_FILE = DemoSwiftUI/Info.plist;
				LD_RUNPATH_SEARCH_PATHS = (
					"$(inherited)",
					"@executable_path/Frameworks",
				);
				PRODUCT_BUNDLE_IDENTIFIER = applying.pe.DemoSwiftUI;
				PRODUCT_NAME = "$(TARGET_NAME)";
				SWIFT_VERSION = 5.0;
				TARGETED_DEVICE_FAMILY = "1,2";
			};
			name = Debug;
		};
		D0F02B59247AF3B000952C2E /* Release */ = {
			isa = XCBuildConfiguration;
			buildSettings = {
				ASSETCATALOG_COMPILER_APPICON_NAME = AppIcon;
				CODE_SIGN_STYLE = Automatic;
				DEVELOPMENT_ASSET_PATHS = "\"DemoSwiftUI/Preview Content\"";
				DEVELOPMENT_TEAM = 9X6SR6P6J3;
				ENABLE_PREVIEWS = YES;
				INFOPLIST_FILE = DemoSwiftUI/Info.plist;
				LD_RUNPATH_SEARCH_PATHS = (
					"$(inherited)",
					"@executable_path/Frameworks",
				);
				PRODUCT_BUNDLE_IDENTIFIER = applying.pe.DemoSwiftUI;
				PRODUCT_NAME = "$(TARGET_NAME)";
				SWIFT_VERSION = 5.0;
				TARGETED_DEVICE_FAMILY = "1,2";
			};
			name = Release;
		};
/* End XCBuildConfiguration section */

/* Begin XCConfigurationList section */
		D0F02B3E247AF3AD00952C2E /* Build configuration list for PBXProject "DemoSwiftUI" */ = {
			isa = XCConfigurationList;
			buildConfigurations = (
				D0F02B55247AF3B000952C2E /* Debug */,
				D0F02B56247AF3B000952C2E /* Release */,
			);
			defaultConfigurationIsVisible = 0;
			defaultConfigurationName = Release;
		};
		D0F02B57247AF3B000952C2E /* Build configuration list for PBXNativeTarget "DemoSwiftUI" */ = {
			isa = XCConfigurationList;
			buildConfigurations = (
				D0F02B58247AF3B000952C2E /* Debug */,
				D0F02B59247AF3B000952C2E /* Release */,
			);
			defaultConfigurationIsVisible = 0;
			defaultConfigurationName = Release;
		};
/* End XCConfigurationList section */

/* Begin XCVersionGroup section */
		D07FC0A2248C182B00D97BDD /* db.xcdatamodeld */ = {
			isa = XCVersionGroup;
			children = (
				D07FC0A3248C182B00D97BDD /* db.xcdatamodel */,
			);
			currentVersion = D07FC0A3248C182B00D97BDD /* db.xcdatamodel */;
			path = db.xcdatamodeld;
			sourceTree = "<group>";
			versionGroupType = wrapper.xcdatamodel;
		};
/* End XCVersionGroup section */
	};
	rootObject = D0F02B3B247AF3AD00952C2E /* Project object */;
}
